// !$*UTF8*$!
{
	archiveVersion = 1;
	classes = {
	};
	objectVersion = 46;
	objects = {

/* Begin PBXBuildFile section */
		A533AEFB1ABF54B70013F8AD /* AppDelegate.swift in Sources */ = {isa = PBXBuildFile; fileRef = A533AEFA1ABF54B70013F8AD /* AppDelegate.swift */; };
		A533AEFD1ABF54B70013F8AD /* RecordSoundsViewController.swift in Sources */ = {isa = PBXBuildFile; fileRef = A533AEFC1ABF54B70013F8AD /* RecordSoundsViewController.swift */; };
		A533AF001ABF54B70013F8AD /* Main.storyboard in Resources */ = {isa = PBXBuildFile; fileRef = A533AEFE1ABF54B70013F8AD /* Main.storyboard */; };
		A533AF021ABF54B70013F8AD /* Images.xcassets in Resources */ = {isa = PBXBuildFile; fileRef = A533AF011ABF54B70013F8AD /* Images.xcassets */; };
		A533AF051ABF54B70013F8AD /* LaunchScreen.xib in Resources */ = {isa = PBXBuildFile; fileRef = A533AF031ABF54B70013F8AD /* LaunchScreen.xib */; };
		A533AF111ABF54B70013F8AD /* Pitch_PerfectTests.swift in Sources */ = {isa = PBXBuildFile; fileRef = A533AF101ABF54B70013F8AD /* Pitch_PerfectTests.swift */; };
		A57999201AE1318F00389B45 /* movie_quote.mp3 in Resources */ = {isa = PBXBuildFile; fileRef = A579991F1AE1318F00389B45 /* movie_quote.mp3 */; };
		A5D54C951AE320BA00ACC2B0 /* RecordedAudio.swift in Sources */ = {isa = PBXBuildFile; fileRef = A5D54C941AE320BA00ACC2B0 /* RecordedAudio.swift */; };
		A5E51FDD1AE07312006CFCFF /* PlaySoundsViewController.swift in Sources */ = {isa = PBXBuildFile; fileRef = A5E51FDC1AE07312006CFCFF /* PlaySoundsViewController.swift */; };
/* End PBXBuildFile section */

/* Begin PBXContainerItemProxy section */
		A533AF0B1ABF54B70013F8AD /* PBXContainerItemProxy */ = {
			isa = PBXContainerItemProxy;
			containerPortal = A533AEED1ABF54B70013F8AD /* Project object */;
			proxyType = 1;
			remoteGlobalIDString = A533AEF41ABF54B70013F8AD;
			remoteInfo = "Pitch Perfect";
		};
/* End PBXContainerItemProxy section */

/* Begin PBXFileReference section */
		A533AEF51ABF54B70013F8AD /* Pitch Perfect.app */ = {isa = PBXFileReference; explicitFileType = wrapper.application; includeInIndex = 0; path = "Pitch Perfect.app"; sourceTree = BUILT_PRODUCTS_DIR; };
		A533AEF91ABF54B70013F8AD /* Info.plist */ = {isa = PBXFileReference; lastKnownFileType = text.plist.xml; path = Info.plist; sourceTree = "<group>"; };
		A533AEFA1ABF54B70013F8AD /* AppDelegate.swift */ = {isa = PBXFileReference; lastKnownFileType = sourcecode.swift; path = AppDelegate.swift; sourceTree = "<group>"; };
		A533AEFC1ABF54B70013F8AD /* RecordSoundsViewController.swift */ = {isa = PBXFileReference; lastKnownFileType = sourcecode.swift; path = RecordSoundsViewController.swift; sourceTree = "<group>"; };
		A533AEFF1ABF54B70013F8AD /* Base */ = {isa = PBXFileReference; lastKnownFileType = file.storyboard; name = Base; path = Base.lproj/Main.storyboard; sourceTree = "<group>"; };
		A533AF011ABF54B70013F8AD /* Images.xcassets */ = {isa = PBXFileReference; lastKnownFileType = folder.assetcatalog; path = Images.xcassets; sourceTree = "<group>"; };
		A533AF041ABF54B70013F8AD /* Base */ = {isa = PBXFileReference; lastKnownFileType = file.xib; name = Base; path = Base.lproj/LaunchScreen.xib; sourceTree = "<group>"; };
		A533AF0A1ABF54B70013F8AD /* Pitch PerfectTests.xctest */ = {isa = PBXFileReference; explicitFileType = wrapper.cfbundle; includeInIndex = 0; path = "Pitch PerfectTests.xctest"; sourceTree = BUILT_PRODUCTS_DIR; };
		A533AF0F1ABF54B70013F8AD /* Info.plist */ = {isa = PBXFileReference; lastKnownFileType = text.plist.xml; path = Info.plist; sourceTree = "<group>"; };
		A533AF101ABF54B70013F8AD /* Pitch_PerfectTests.swift */ = {isa = PBXFileReference; lastKnownFileType = sourcecode.swift; path = Pitch_PerfectTests.swift; sourceTree = "<group>"; };
		A579991F1AE1318F00389B45 /* movie_quote.mp3 */ = {isa = PBXFileReference; lastKnownFileType = audio.mp3; path = movie_quote.mp3; sourceTree = SOURCE_ROOT; };
		A5D54C941AE320BA00ACC2B0 /* RecordedAudio.swift */ = {isa = PBXFileReference; fileEncoding = 4; lastKnownFileType = sourcecode.swift; path = RecordedAudio.swift; sourceTree = "<group>"; };
		A5E51FDC1AE07312006CFCFF /* PlaySoundsViewController.swift */ = {isa = PBXFileReference; fileEncoding = 4; lastKnownFileType = sourcecode.swift; path = PlaySoundsViewController.swift; sourceTree = "<group>"; };
/* End PBXFileReference section */

/* Begin PBXFrameworksBuildPhase section */
		A533AEF21ABF54B70013F8AD /* Frameworks */ = {
			isa = PBXFrameworksBuildPhase;
			buildActionMask = 2147483647;
			files = (
			);
			runOnlyForDeploymentPostprocessing = 0;
		};
		A533AF071ABF54B70013F8AD /* Frameworks */ = {
			isa = PBXFrameworksBuildPhase;
			buildActionMask = 2147483647;
			files = (
			);
			runOnlyForDeploymentPostprocessing = 0;
		};
/* End PBXFrameworksBuildPhase section */

/* Begin PBXGroup section */
		A533AEEC1ABF54B70013F8AD = {
			isa = PBXGroup;
			children = (
				A533AEF71ABF54B70013F8AD /* Pitch Perfect */,
				A533AF0D1ABF54B70013F8AD /* Pitch PerfectTests */,
				A533AEF61ABF54B70013F8AD /* Products */,
			);
			sourceTree = "<group>";
		};
		A533AEF61ABF54B70013F8AD /* Products */ = {
			isa = PBXGroup;
			children = (
				A533AEF51ABF54B70013F8AD /* Pitch Perfect.app */,
				A533AF0A1ABF54B70013F8AD /* Pitch PerfectTests.xctest */,
			);
			name = Products;
			sourceTree = "<group>";
		};
		A533AEF71ABF54B70013F8AD /* Pitch Perfect */ = {
			isa = PBXGroup;
			children = (
				A533AEFA1ABF54B70013F8AD /* AppDelegate.swift */,
				A533AEFC1ABF54B70013F8AD /* RecordSoundsViewController.swift */,
				A5D54C941AE320BA00ACC2B0 /* RecordedAudio.swift */,
				A533AEFE1ABF54B70013F8AD /* Main.storyboard */,
				A5E51FDC1AE07312006CFCFF /* PlaySoundsViewController.swift */,
				A533AF011ABF54B70013F8AD /* Images.xcassets */,
				A533AF031ABF54B70013F8AD /* LaunchScreen.xib */,
				A533AEF81ABF54B70013F8AD /* Supporting Files */,
			);
			path = "Pitch Perfect";
			sourceTree = "<group>";
		};
		A533AEF81ABF54B70013F8AD /* Supporting Files */ = {
			isa = PBXGroup;
			children = (
				A533AEF91ABF54B70013F8AD /* Info.plist */,
				A579991F1AE1318F00389B45 /* movie_quote.mp3 */,
			);
			name = "Supporting Files";
			sourceTree = "<group>";
		};
		A533AF0D1ABF54B70013F8AD /* Pitch PerfectTests */ = {
			isa = PBXGroup;
			children = (
				A533AF101ABF54B70013F8AD /* Pitch_PerfectTests.swift */,
				A533AF0E1ABF54B70013F8AD /* Supporting Files */,
			);
			path = "Pitch PerfectTests";
			sourceTree = "<group>";
		};
		A533AF0E1ABF54B70013F8AD /* Supporting Files */ = {
			isa = PBXGroup;
			children = (
				A533AF0F1ABF54B70013F8AD /* Info.plist */,
			);
			name = "Supporting Files";
			sourceTree = "<group>";
		};
/* End PBXGroup section */

/* Begin PBXNativeTarget section */
		A533AEF41ABF54B70013F8AD /* Pitch Perfect */ = {
			isa = PBXNativeTarget;
			buildConfigurationList = A533AF141ABF54B70013F8AD /* Build configuration list for PBXNativeTarget "Pitch Perfect" */;
			buildPhases = (
				A533AEF11ABF54B70013F8AD /* Sources */,
				A533AEF21ABF54B70013F8AD /* Frameworks */,
				A533AEF31ABF54B70013F8AD /* Resources */,
			);
			buildRules = (
			);
			dependencies = (
			);
			name = "Pitch Perfect";
			productName = "Pitch Perfect";
			productReference = A533AEF51ABF54B70013F8AD /* Pitch Perfect.app */;
			productType = "com.apple.product-type.application";
		};
		A533AF091ABF54B70013F8AD /* Pitch PerfectTests */ = {
			isa = PBXNativeTarget;
			buildConfigurationList = A533AF171ABF54B70013F8AD /* Build configuration list for PBXNativeTarget "Pitch PerfectTests" */;
			buildPhases = (
				A533AF061ABF54B70013F8AD /* Sources */,
				A533AF071ABF54B70013F8AD /* Frameworks */,
				A533AF081ABF54B70013F8AD /* Resources */,
			);
			buildRules = (
			);
			dependencies = (
				A533AF0C1ABF54B70013F8AD /* PBXTargetDependency */,
			);
			name = "Pitch PerfectTests";
			productName = "Pitch PerfectTests";
			productReference = A533AF0A1ABF54B70013F8AD /* Pitch PerfectTests.xctest */;
			productType = "com.apple.product-type.bundle.unit-test";
		};
/* End PBXNativeTarget section */

/* Begin PBXProject section */
		A533AEED1ABF54B70013F8AD /* Project object */ = {
			isa = PBXProject;
			attributes = {
				LastUpgradeCheck = 0620;
				ORGANIZATIONNAME = "Douglas P. Milstead";
				TargetAttributes = {
					A533AEF41ABF54B70013F8AD = {
						CreatedOnToolsVersion = 6.2;
						DevelopmentTeam = T94GUPMV6V;
					};
					A533AF091ABF54B70013F8AD = {
						CreatedOnToolsVersion = 6.2;
						TestTargetID = A533AEF41ABF54B70013F8AD;
					};
				};
			};
			buildConfigurationList = A533AEF01ABF54B70013F8AD /* Build configuration list for PBXProject "Pitch Perfect" */;
			compatibilityVersion = "Xcode 3.2";
			developmentRegion = English;
			hasScannedForEncodings = 0;
			knownRegions = (
				en,
				Base,
			);
			mainGroup = A533AEEC1ABF54B70013F8AD;
			productRefGroup = A533AEF61ABF54B70013F8AD /* Products */;
			projectDirPath = "";
			projectRoot = "";
			targets = (
				A533AEF41ABF54B70013F8AD /* Pitch Perfect */,
				A533AF091ABF54B70013F8AD /* Pitch PerfectTests */,
			);
		};
/* End PBXProject section */

/* Begin PBXResourcesBuildPhase section */
		A533AEF31ABF54B70013F8AD /* Resources */ = {
			isa = PBXResourcesBuildPhase;
			buildActionMask = 2147483647;
			files = (
				A533AF001ABF54B70013F8AD /* Main.storyboard in Resources */,
				A533AF051ABF54B70013F8AD /* LaunchScreen.xib in Resources */,
				A57999201AE1318F00389B45 /* movie_quote.mp3 in Resources */,
				A533AF021ABF54B70013F8AD /* Images.xcassets in Resources */,
			);
			runOnlyForDeploymentPostprocessing = 0;
		};
		A533AF081ABF54B70013F8AD /* Resources */ = {
			isa = PBXResourcesBuildPhase;
			buildActionMask = 2147483647;
			files = (
			);
			runOnlyForDeploymentPostprocessing = 0;
		};
/* End PBXResourcesBuildPhase section */

/* Begin PBXSourcesBuildPhase section */
		A533AEF11ABF54B70013F8AD /* Sources */ = {
			isa = PBXSourcesBuildPhase;
			buildActionMask = 2147483647;
			files = (
				A533AEFD1ABF54B70013F8AD /* RecordSoundsViewController.swift in Sources */,
				A5D54C951AE320BA00ACC2B0 /* RecordedAudio.swift in Sources */,
				A5E51FDD1AE07312006CFCFF /* PlaySoundsViewController.swift in Sources */,
				A533AEFB1ABF54B70013F8AD /* AppDelegate.swift in Sources */,
			);
			runOnlyForDeploymentPostprocessing = 0;
		};
		A533AF061ABF54B70013F8AD /* Sources */ = {
			isa = PBXSourcesBuildPhase;
			buildActionMask = 2147483647;
			files = (
				A533AF111ABF54B70013F8AD /* Pitch_PerfectTests.swift in Sources */,
			);
			runOnlyForDeploymentPostprocessing = 0;
		};
/* End PBXSourcesBuildPhase section */

/* Begin PBXTargetDependency section */
		A533AF0C1ABF54B70013F8AD /* PBXTargetDependency */ = {
			isa = PBXTargetDependency;
			target = A533AEF41ABF54B70013F8AD /* Pitch Perfect */;
			targetProxy = A533AF0B1ABF54B70013F8AD /* PBXContainerItemProxy */;
		};
/* End PBXTargetDependency section */

/* Begin PBXVariantGroup section */
		A533AEFE1ABF54B70013F8AD /* Main.storyboard */ = {
			isa = PBXVariantGroup;
			children = (
				A533AEFF1ABF54B70013F8AD /* Base */,
			);
			name = Main.storyboard;
			sourceTree = "<group>";
		};
		A533AF031ABF54B70013F8AD /* LaunchScreen.xib */ = {
			isa = PBXVariantGroup;
			children = (
				A533AF041ABF54B70013F8AD /* Base */,
			);
			name = LaunchScreen.xib;
			sourceTree = "<group>";
		};
/* End PBXVariantGroup section */

/* Begin XCBuildConfiguration section */
		A533AF121ABF54B70013F8AD /* Debug */ = {
			isa = XCBuildConfiguration;
			buildSettings = {
				ALWAYS_SEARCH_USER_PATHS = NO;
				CLANG_CXX_LANGUAGE_STANDARD = "gnu++0x";
				CLANG_CXX_LIBRARY = "libc++";
				CLANG_ENABLE_MODULES = YES;
				CLANG_ENABLE_OBJC_ARC = YES;
				CLANG_WARN_BOOL_CONVERSION = YES;
				CLANG_WARN_CONSTANT_CONVERSION = YES;
				CLANG_WARN_DIRECT_OBJC_ISA_USAGE = YES_ERROR;
				CLANG_WARN_EMPTY_BODY = YES;
				CLANG_WARN_ENUM_CONVERSION = YES;
				CLANG_WARN_INT_CONVERSION = YES;
				CLANG_WARN_OBJC_ROOT_CLASS = YES_ERROR;
				CLANG_WARN_UNREACHABLE_CODE = YES;
				CLANG_WARN__DUPLICATE_METHOD_MATCH = YES;
				"CODE_SIGN_IDENTITY[sdk=iphoneos*]" = "iPhone Developer";
				COPY_PHASE_STRIP = NO;
				ENABLE_STRICT_OBJC_MSGSEND = YES;
				GCC_C_LANGUAGE_STANDARD = gnu99;
				GCC_DYNAMIC_NO_PIC = NO;
				GCC_OPTIMIZATION_LEVEL = 0;
				GCC_PREPROCESSOR_DEFINITIONS = (
					"DEBUG=1",
					"$(inherited)",
				);
				GCC_SYMBOLS_PRIVATE_EXTERN = NO;
				GCC_WARN_64_TO_32_BIT_CONVERSION = YES;
				GCC_WARN_ABOUT_RETURN_TYPE = YES_ERROR;
				GCC_WARN_UNDECLARED_SELECTOR = YES;
				GCC_WARN_UNINITIALIZED_AUTOS = YES_AGGRESSIVE;
				GCC_WARN_UNUSED_FUNCTION = YES;
				GCC_WARN_UNUSED_VARIABLE = YES;
				IPHONEOS_DEPLOYMENT_TARGET = 8.2;
				MTL_ENABLE_DEBUG_INFO = YES;
				ONLY_ACTIVE_ARCH = YES;
				SDKROOT = iphoneos;
				SWIFT_OPTIMIZATION_LEVEL = "-Onone";
			};
			name = Debug;
		};
		A533AF131ABF54B70013F8AD /* Release */ = {
			isa = XCBuildConfiguration;
			buildSettings = {
				ALWAYS_SEARCH_USER_PATHS = NO;
				CLANG_CXX_LANGUAGE_STANDARD = "gnu++0x";
				CLANG_CXX_LIBRARY = "libc++";
				CLANG_ENABLE_MODULES = YES;
				CLANG_ENABLE_OBJC_ARC = YES;
				CLANG_WARN_BOOL_CONVERSION = YES;
				CLANG_WARN_CONSTANT_CONVERSION = YES;
				CLANG_WARN_DIRECT_OBJC_ISA_USAGE = YES_ERROR;
				CLANG_WARN_EMPTY_BODY = YES;
				CLANG_WARN_ENUM_CONVERSION = YES;
				CLANG_WARN_INT_CONVERSION = YES;
				CLANG_WARN_OBJC_ROOT_CLASS = YES_ERROR;
				CLANG_WARN_UNREACHABLE_CODE = YES;
				CLANG_WARN__DUPLICATE_METHOD_MATCH = YES;
				"CODE_SIGN_IDENTITY[sdk=iphoneos*]" = "iPhone Developer";
				COPY_PHASE_STRIP = YES;
				ENABLE_NS_ASSERTIONS = NO;
				ENABLE_STRICT_OBJC_MSGSEND = YES;
				GCC_C_LANGUAGE_STANDARD = gnu99;
				GCC_WARN_64_TO_32_BIT_CONVERSION = YES;
				GCC_WARN_ABOUT_RETURN_TYPE = YES_ERROR;
				GCC_WARN_UNDECLARED_SELECTOR = YES;
				GCC_WARN_UNINITIALIZED_AUTOS = YES_AGGRESSIVE;
				GCC_WARN_UNUSED_FUNCTION = YES;
				GCC_WARN_UNUSED_VARIABLE = YES;
				IPHONEOS_DEPLOYMENT_TARGET = 8.2;
				MTL_ENABLE_DEBUG_INFO = NO;
				SDKROOT = iphoneos;
				VALIDATE_PRODUCT = YES;
			};
			name = Release;
		};
		A533AF151ABF54B70013F8AD /* Debug */ = {
			isa = XCBuildConfiguration;
			buildSettings = {
				ASSETCATALOG_COMPILER_APPICON_NAME = AppIcon;
				CODE_SIGN_IDENTITY = "iPhone Developer";
				"CODE_SIGN_IDENTITY[sdk=iphoneos*]" = "iPhone Developer";
				INFOPLIST_FILE = "Pitch Perfect/Info.plist";
				LD_RUNPATH_SEARCH_PATHS = "$(inherited) @executable_path/Frameworks";
				PRODUCT_NAME = "$(TARGET_NAME)";
				PROVISIONING_PROFILE = "";
			};
			name = Debug;
		};
		A533AF161ABF54B70013F8AD /* Release */ = {
			isa = XCBuildConfiguration;
			buildSettings = {
				ASSETCATALOG_COMPILER_APPICON_NAME = AppIcon;
				CODE_SIGN_IDENTITY = "iPhone Developer";
				"CODE_SIGN_IDENTITY[sdk=iphoneos*]" = "iPhone Developer";
				INFOPLIST_FILE = "Pitch Perfect/Info.plist";
				LD_RUNPATH_SEARCH_PATHS = "$(inherited) @executable_path/Frameworks";
				PRODUCT_NAME = "$(TARGET_NAME)";
				PROVISIONING_PROFILE = "";
			};
			name = Release;
		};
		A533AF181ABF54B70013F8AD /* Debug */ = {
			isa = XCBuildConfiguration;
			buildSettings = {
				BUNDLE_LOADER = "$(TEST_HOST)";
				FRAMEWORK_SEARCH_PATHS = (
					"$(SDKROOT)/Developer/Library/Frameworks",
					"$(inherited)",
				);
				GCC_PREPROCESSOR_DEFINITIONS = (
					"DEBUG=1",
					"$(inherited)",
				);
				INFOPLIST_FILE = "Pitch PerfectTests/Info.plist";
				LD_RUNPATH_SEARCH_PATHS = "$(inherited) @executable_path/Frameworks @loader_path/Frameworks";
				PRODUCT_NAME = "$(TARGET_NAME)";
				TEST_HOST = "$(BUILT_PRODUCTS_DIR)/Pitch Perfect.app/Pitch Perfect";
			};
			name = Debug;
		};
		A533AF191ABF54B70013F8AD /* Release */ = {
			isa = XCBuildConfiguration;
			buildSettings = {
				BUNDLE_LOADER = "$(TEST_HOST)";
				FRAMEWORK_SEARCH_PATHS = (
					"$(SDKROOT)/Developer/Library/Frameworks",
					"$(inherited)",
				);
				INFOPLIST_FILE = "Pitch PerfectTests/Info.plist";
				LD_RUNPATH_SEARCH_PATHS = "$(inherited) @executable_path/Frameworks @loader_path/Frameworks";
				PRODUCT_NAME = "$(TARGET_NAME)";
				TEST_HOST = "$(BUILT_PRODUCTS_DIR)/Pitch Perfect.app/Pitch Perfect";
			};
			name = Release;
		};
/* End XCBuildConfiguration section */

/* Begin XCConfigurationList section */
		A533AEF01ABF54B70013F8AD /* Build configuration list for PBXProject "Pitch Perfect" */ = {
			isa = XCConfigurationList;
			buildConfigurations = (
				A533AF121ABF54B70013F8AD /* Debug */,
				A533AF131ABF54B70013F8AD /* Release */,
			);
			defaultConfigurationIsVisible = 0;
			defaultConfigurationName = Release;
		};
		A533AF141ABF54B70013F8AD /* Build configuration list for PBXNativeTarget "Pitch Perfect" */ = {
			isa = XCConfigurationList;
			buildConfigurations = (
				A533AF151ABF54B70013F8AD /* Debug */,
				A533AF161ABF54B70013F8AD /* Release */,
			);
			defaultConfigurationIsVisible = 0;
			defaultConfigurationName = Release;
		};
		A533AF171ABF54B70013F8AD /* Build configuration list for PBXNativeTarget "Pitch PerfectTests" */ = {
			isa = XCConfigurationList;
			buildConfigurations = (
				A533AF181ABF54B70013F8AD /* Debug */,
				A533AF191ABF54B70013F8AD /* Release */,
			);
			defaultConfigurationIsVisible = 0;
			defaultConfigurationName = Release;
		};
/* End XCConfigurationList section */
	};
	rootObject = A533AEED1ABF54B70013F8AD /* Project object */;
}
